# This file is autogenerated, do not edit; changes may be undone by the next 'dep ensure'.


[[projects]]
  name = "github.com/certifi/gocertifi"
  packages = ["."]
  revision = "deb3ae2ef2610fde3330947281941c562861188b"
  version = "2018.01.18"

[[projects]]
  branch = "master"
  name = "github.com/mastahyeti/certstore"
  packages = ["."]
  revision = "ab8919c9ca63b30a6f44cc573ee236ba24317979"

[[projects]]
  branch = "master"
  name = "github.com/mastahyeti/cms"
  packages = [
    ".",
    "oid",
    "protocol",
    "timestamp"
  ]
  revision = "88f9fea4900224804e36fd18aced191a11cc7dd6"

[[projects]]
  branch = "master"
  name = "github.com/pborman/getopt"
  packages = ["v2"]
  revision = "7148bc3a4c3008adfcab60cbebfd0576018f330b"

[[projects]]
  name = "github.com/pkg/errors"
  packages = ["."]
  revision = "645ef00459ed84a119197bfb8d8205042c6df63d"
  version = "v0.8.0"

[[projects]]
  branch = "master"
  name = "golang.org/x/crypto"
  packages = [
    "cast5",
    "openpgp/elgamal",
    "openpgp/errors",
    "openpgp/packet",
    "openpgp/s2k"
  ]
  revision = "432090b8f568c018896cd8a0fb0345872bbac6ce"

[solve-meta]
  analyzer-name = "dep"
  analyzer-version = 1
  inputs-digest = "b6729a8c0a898bff6db942fff599b3fcad552ad12e47c49c99aeda153814da32"
  solver-name = "gps-cdcl"
  solver-version = 1
